// !$*UTF8*$!
{
	archiveVersion = 1;
	classes = {
	};
	objectVersion = 46;
	objects = {

/* Begin PBXBuildFile section */
		A32A787A192AAFD100C87635 /* mount-fuji-and-mount-hoei.jpg in Resources */ = {isa = PBXBuildFile; fileRef = A32A7879192AAFD100C87635 /* mount-fuji-and-mount-hoei.jpg */; };
		A32A787D192AB13900C87635 /* RTMountinPath.m in Sources */ = {isa = PBXBuildFile; fileRef = A32A787C192AB13900C87635 /* RTMountinPath.m */; };
		A32A7880192AB3AE00C87635 /* RTPathView.m in Sources */ = {isa = PBXBuildFile; fileRef = A32A787F192AB3AE00C87635 /* RTPathView.m */; };
		A3EB9594192412A00053E022 /* Foundation.framework in Frameworks */ = {isa = PBXBuildFile; fileRef = A3EB9593192412A00053E022 /* Foundation.framework */; };
		A3EB9596192412A00053E022 /* CoreGraphics.framework in Frameworks */ = {isa = PBXBuildFile; fileRef = A3EB9595192412A00053E022 /* CoreGraphics.framework */; };
		A3EB9598192412A00053E022 /* UIKit.framework in Frameworks */ = {isa = PBXBuildFile; fileRef = A3EB9597192412A00053E022 /* UIKit.framework */; };
		A3EB959E192412A00053E022 /* InfoPlist.strings in Resources */ = {isa = PBXBuildFile; fileRef = A3EB959C192412A00053E022 /* InfoPlist.strings */; };
		A3EB95A0192412A00053E022 /* main.m in Sources */ = {isa = PBXBuildFile; fileRef = A3EB959F192412A00053E022 /* main.m */; };
		A3EB95A4192412A00053E022 /* AppDelegate.m in Sources */ = {isa = PBXBuildFile; fileRef = A3EB95A3192412A00053E022 /* AppDelegate.m */; };
		A3EB95A7192412A00053E022 /* Main.iPhone.storyboard in Resources */ = {isa = PBXBuildFile; fileRef = A3EB95A5192412A00053E022 /* Main.iPhone.storyboard */; };
		A3EB95AA192412A00053E022 /* ViewController.m in Sources */ = {isa = PBXBuildFile; fileRef = A3EB95A9192412A00053E022 /* ViewController.m */; };
		A3EB95AC192412A00053E022 /* Images.xcassets in Resources */ = {isa = PBXBuildFile; fileRef = A3EB95AB192412A00053E022 /* Images.xcassets */; };
		A3EB95B3192412A00053E022 /* XCTest.framework in Frameworks */ = {isa = PBXBuildFile; fileRef = A3EB95B2192412A00053E022 /* XCTest.framework */; };
		A3EB95B4192412A00053E022 /* Foundation.framework in Frameworks */ = {isa = PBXBuildFile; fileRef = A3EB9593192412A00053E022 /* Foundation.framework */; };
		A3EB95B5192412A00053E022 /* UIKit.framework in Frameworks */ = {isa = PBXBuildFile; fileRef = A3EB9597192412A00053E022 /* UIKit.framework */; };
		A3EB95BD192412A00053E022 /* InfoPlist.strings in Resources */ = {isa = PBXBuildFile; fileRef = A3EB95BB192412A00053E022 /* InfoPlist.strings */; };
		A3EB95BF192412A00053E022 /* Race_to_the_TopTests.m in Sources */ = {isa = PBXBuildFile; fileRef = A3EB95BE192412A00053E022 /* Race_to_the_TopTests.m */; };
		A3EB95CA192413480053E022 /* RTSpaceShipView.m in Sources */ = {isa = PBXBuildFile; fileRef = A3EB95C9192413480053E022 /* RTSpaceShipView.m */; };
		A3EB9610192425970053E022 /* Main.iPad.storyboard in Resources */ = {isa = PBXBuildFile; fileRef = A3EB960F192425970053E022 /* Main.iPad.storyboard */; };
/* End PBXBuildFile section */

/* Begin PBXContainerItemProxy section */
		A3EB95B6192412A00053E022 /* PBXContainerItemProxy */ = {
			isa = PBXContainerItemProxy;
			containerPortal = A3EB9588192412A00053E022 /* Project object */;
			proxyType = 1;
			remoteGlobalIDString = A3EB958F192412A00053E022;
			remoteInfo = "Race to the Top";
		};
/* End PBXContainerItemProxy section */

/* Begin PBXFileReference section */
		A32A7879192AAFD100C87635 /* mount-fuji-and-mount-hoei.jpg */ = {isa = PBXFileReference; lastKnownFileType = image.jpeg; path = "mount-fuji-and-mount-hoei.jpg"; sourceTree = "<group>"; };
		A32A787B192AB13900C87635 /* RTMountinPath.h */ = {isa = PBXFileReference; fileEncoding = 4; lastKnownFileType = sourcecode.c.h; path = RTMountinPath.h; sourceTree = "<group>"; };
		A32A787C192AB13900C87635 /* RTMountinPath.m */ = {isa = PBXFileReference; fileEncoding = 4; lastKnownFileType = sourcecode.c.objc; path = RTMountinPath.m; sourceTree = "<group>"; };
		A32A787E192AB3AE00C87635 /* RTPathView.h */ = {isa = PBXFileReference; fileEncoding = 4; lastKnownFileType = sourcecode.c.h; path = RTPathView.h; sourceTree = "<group>"; };
		A32A787F192AB3AE00C87635 /* RTPathView.m */ = {isa = PBXFileReference; fileEncoding = 4; lastKnownFileType = sourcecode.c.objc; path = RTPathView.m; sourceTree = "<group>"; };
		A3EB9590192412A00053E022 /* Race to the Top.app */ = {isa = PBXFileReference; explicitFileType = wrapper.application; includeInIndex = 0; path = "Race to the Top.app"; sourceTree = BUILT_PRODUCTS_DIR; };
		A3EB9593192412A00053E022 /* Foundation.framework */ = {isa = PBXFileReference; lastKnownFileType = wrapper.framework; name = Foundation.framework; path = System/Library/Frameworks/Foundation.framework; sourceTree = SDKROOT; };
		A3EB9595192412A00053E022 /* CoreGraphics.framework */ = {isa = PBXFileReference; lastKnownFileType = wrapper.framework; name = CoreGraphics.framework; path = System/Library/Frameworks/CoreGraphics.framework; sourceTree = SDKROOT; };
		A3EB9597192412A00053E022 /* UIKit.framework */ = {isa = PBXFileReference; lastKnownFileType = wrapper.framework; name = UIKit.framework; path = System/Library/Frameworks/UIKit.framework; sourceTree = SDKROOT; };
		A3EB959B192412A00053E022 /* Race to the Top-Info.plist */ = {isa = PBXFileReference; lastKnownFileType = text.plist.xml; path = "Race to the Top-Info.plist"; sourceTree = "<group>"; };
		A3EB959D192412A00053E022 /* en */ = {isa = PBXFileReference; lastKnownFileType = text.plist.strings; name = en; path = en.lproj/InfoPlist.strings; sourceTree = "<group>"; };
		A3EB959F192412A00053E022 /* main.m */ = {isa = PBXFileReference; lastKnownFileType = sourcecode.c.objc; path = main.m; sourceTree = "<group>"; };
		A3EB95A1192412A00053E022 /* Race to the Top-Prefix.pch */ = {isa = PBXFileReference; lastKnownFileType = sourcecode.c.h; path = "Race to the Top-Prefix.pch"; sourceTree = "<group>"; };
		A3EB95A2192412A00053E022 /* AppDelegate.h */ = {isa = PBXFileReference; lastKnownFileType = sourcecode.c.h; path = AppDelegate.h; sourceTree = "<group>"; };
		A3EB95A3192412A00053E022 /* AppDelegate.m */ = {isa = PBXFileReference; lastKnownFileType = sourcecode.c.objc; path = AppDelegate.m; sourceTree = "<group>"; };
		A3EB95A6192412A00053E022 /* Base */ = {isa = PBXFileReference; lastKnownFileType = file.storyboard; name = Base; path = Base.lproj/Main.iPhone.storyboard; sourceTree = "<group>"; };
		A3EB95A8192412A00053E022 /* ViewController.h */ = {isa = PBXFileReference; lastKnownFileType = sourcecode.c.h; path = ViewController.h; sourceTree = "<group>"; };
		A3EB95A9192412A00053E022 /* ViewController.m */ = {isa = PBXFileReference; lastKnownFileType = sourcecode.c.objc; path = ViewController.m; sourceTree = "<group>"; };
		A3EB95AB192412A00053E022 /* Images.xcassets */ = {isa = PBXFileReference; lastKnownFileType = folder.assetcatalog; path = Images.xcassets; sourceTree = "<group>"; };
		A3EB95B1192412A00053E022 /* Race to the TopTests.xctest */ = {isa = PBXFileReference; explicitFileType = wrapper.cfbundle; includeInIndex = 0; path = "Race to the TopTests.xctest"; sourceTree = BUILT_PRODUCTS_DIR; };
		A3EB95B2192412A00053E022 /* XCTest.framework */ = {isa = PBXFileReference; lastKnownFileType = wrapper.framework; name = XCTest.framework; path = Library/Frameworks/XCTest.framework; sourceTree = DEVELOPER_DIR; };
		A3EB95BA192412A00053E022 /* Race to the TopTests-Info.plist */ = {isa = PBXFileReference; lastKnownFileType = text.plist.xml; path = "Race to the TopTests-Info.plist"; sourceTree = "<group>"; };
		A3EB95BC192412A00053E022 /* en */ = {isa = PBXFileReference; lastKnownFileType = text.plist.strings; name = en; path = en.lproj/InfoPlist.strings; sourceTree = "<group>"; };
		A3EB95BE192412A00053E022 /* Race_to_the_TopTests.m */ = {isa = PBXFileReference; lastKnownFileType = sourcecode.c.objc; path = Race_to_the_TopTests.m; sourceTree = "<group>"; };
		A3EB95C8192413480053E022 /* RTSpaceShipView.h */ = {isa = PBXFileReference; fileEncoding = 4; lastKnownFileType = sourcecode.c.h; path = RTSpaceShipView.h; sourceTree = "<group>"; };
		A3EB95C9192413480053E022 /* RTSpaceShipView.m */ = {isa = PBXFileReference; fileEncoding = 4; lastKnownFileType = sourcecode.c.objc; path = RTSpaceShipView.m; sourceTree = "<group>"; };
		A3EB960F192425970053E022 /* Main.iPad.storyboard */ = {isa = PBXFileReference; fileEncoding = 4; lastKnownFileType = file.storyboard; path = Main.iPad.storyboard; sourceTree = "<group>"; };
/* End PBXFileReference section */

/* Begin PBXFrameworksBuildPhase section */
		A3EB958D192412A00053E022 /* Frameworks */ = {
			isa = PBXFrameworksBuildPhase;
			buildActionMask = 2147483647;
			files = (
				A3EB9596192412A00053E022 /* CoreGraphics.framework in Frameworks */,
				A3EB9598192412A00053E022 /* UIKit.framework in Frameworks */,
				A3EB9594192412A00053E022 /* Foundation.framework in Frameworks */,
			);
			runOnlyForDeploymentPostprocessing = 0;
		};
		A3EB95AE192412A00053E022 /* Frameworks */ = {
			isa = PBXFrameworksBuildPhase;
			buildActionMask = 2147483647;
			files = (
				A3EB95B3192412A00053E022 /* XCTest.framework in Frameworks */,
				A3EB95B5192412A00053E022 /* UIKit.framework in Frameworks */,
				A3EB95B4192412A00053E022 /* Foundation.framework in Frameworks */,
			);
			runOnlyForDeploymentPostprocessing = 0;
		};
/* End PBXFrameworksBuildPhase section */

/* Begin PBXGroup section */
		A3EB9587192412A00053E022 = {
			isa = PBXGroup;
			children = (
				A3EB9599192412A00053E022 /* Race to the Top */,
				A3EB95B8192412A00053E022 /* Race to the TopTests */,
				A3EB9592192412A00053E022 /* Frameworks */,
				A3EB9591192412A00053E022 /* Products */,
			);
			sourceTree = "<group>";
		};
		A3EB9591192412A00053E022 /* Products */ = {
			isa = PBXGroup;
			children = (
				A3EB9590192412A00053E022 /* Race to the Top.app */,
				A3EB95B1192412A00053E022 /* Race to the TopTests.xctest */,
			);
			name = Products;
			sourceTree = "<group>";
		};
		A3EB9592192412A00053E022 /* Frameworks */ = {
			isa = PBXGroup;
			children = (
				A3EB9593192412A00053E022 /* Foundation.framework */,
				A3EB9595192412A00053E022 /* CoreGraphics.framework */,
				A3EB9597192412A00053E022 /* UIKit.framework */,
				A3EB95B2192412A00053E022 /* XCTest.framework */,
			);
			name = Frameworks;
			sourceTree = "<group>";
		};
		A3EB9599192412A00053E022 /* Race to the Top */ = {
			isa = PBXGroup;
			children = (
				A3EB95A2192412A00053E022 /* AppDelegate.h */,
				A3EB95A3192412A00053E022 /* AppDelegate.m */,
				A3EB95A5192412A00053E022 /* Main.iPhone.storyboard */,
				A3EB960F192425970053E022 /* Main.iPad.storyboard */,
				A3EB95C8192413480053E022 /* RTSpaceShipView.h */,
				A3EB95C9192413480053E022 /* RTSpaceShipView.m */,
				A32A787E192AB3AE00C87635 /* RTPathView.h */,
				A32A787F192AB3AE00C87635 /* RTPathView.m */,
				A32A787B192AB13900C87635 /* RTMountinPath.h */,
				A32A787C192AB13900C87635 /* RTMountinPath.m */,
				A3EB95A8192412A00053E022 /* ViewController.h */,
				A3EB95A9192412A00053E022 /* ViewController.m */,
				A3EB95AB192412A00053E022 /* Images.xcassets */,
				A3EB959A192412A00053E022 /* Supporting Files */,
			);
			path = "Race to the Top";
			sourceTree = "<group>";
		};
		A3EB959A192412A00053E022 /* Supporting Files */ = {
			isa = PBXGroup;
			children = (
				A32A7879192AAFD100C87635 /* mount-fuji-and-mount-hoei.jpg */,
				A3EB959B192412A00053E022 /* Race to the Top-Info.plist */,
				A3EB959C192412A00053E022 /* InfoPlist.strings */,
				A3EB959F192412A00053E022 /* main.m */,
				A3EB95A1192412A00053E022 /* Race to the Top-Prefix.pch */,
			);
			name = "Supporting Files";
			sourceTree = "<group>";
		};
		A3EB95B8192412A00053E022 /* Race to the TopTests */ = {
			isa = PBXGroup;
			children = (
				A3EB95BE192412A00053E022 /* Race_to_the_TopTests.m */,
				A3EB95B9192412A00053E022 /* Supporting Files */,
			);
			path = "Race to the TopTests";
			sourceTree = "<group>";
		};
		A3EB95B9192412A00053E022 /* Supporting Files */ = {
			isa = PBXGroup;
			children = (
				A3EB95BA192412A00053E022 /* Race to the TopTests-Info.plist */,
				A3EB95BB192412A00053E022 /* InfoPlist.strings */,
			);
			name = "Supporting Files";
			sourceTree = "<group>";
		};
/* End PBXGroup section */

/* Begin PBXNativeTarget section */
		A3EB958F192412A00053E022 /* Race to the Top */ = {
			isa = PBXNativeTarget;
			buildConfigurationList = A3EB95C2192412A00053E022 /* Build configuration list for PBXNativeTarget "Race to the Top" */;
			buildPhases = (
				A3EB958C192412A00053E022 /* Sources */,
				A3EB958D192412A00053E022 /* Frameworks */,
				A3EB958E192412A00053E022 /* Resources */,
			);
			buildRules = (
			);
			dependencies = (
			);
			name = "Race to the Top";
			productName = "Race to the Top";
			productReference = A3EB9590192412A00053E022 /* Race to the Top.app */;
			productType = "com.apple.product-type.application";
		};
		A3EB95B0192412A00053E022 /* Race to the TopTests */ = {
			isa = PBXNativeTarget;
			buildConfigurationList = A3EB95C5192412A00053E022 /* Build configuration list for PBXNativeTarget "Race to the TopTests" */;
			buildPhases = (
				A3EB95AD192412A00053E022 /* Sources */,
				A3EB95AE192412A00053E022 /* Frameworks */,
				A3EB95AF192412A00053E022 /* Resources */,
			);
			buildRules = (
			);
			dependencies = (
				A3EB95B7192412A00053E022 /* PBXTargetDependency */,
			);
			name = "Race to the TopTests";
			productName = "Race to the TopTests";
			productReference = A3EB95B1192412A00053E022 /* Race to the TopTests.xctest */;
			productType = "com.apple.product-type.bundle.unit-test";
		};
/* End PBXNativeTarget section */

/* Begin PBXProject section */
		A3EB9588192412A00053E022 /* Project object */ = {
			isa = PBXProject;
			attributes = {
				LastUpgradeCheck = 0510;
				ORGANIZATIONNAME = "Daniel Jansson";
				TargetAttributes = {
					A3EB95B0192412A00053E022 = {
						TestTargetID = A3EB958F192412A00053E022;
					};
				};
			};
			buildConfigurationList = A3EB958B192412A00053E022 /* Build configuration list for PBXProject "Race to the Top" */;
			compatibilityVersion = "Xcode 3.2";
			developmentRegion = English;
			hasScannedForEncodings = 0;
			knownRegions = (
				en,
				Base,
			);
			mainGroup = A3EB9587192412A00053E022;
			productRefGroup = A3EB9591192412A00053E022 /* Products */;
			projectDirPath = "";
			projectRoot = "";
			targets = (
				A3EB958F192412A00053E022 /* Race to the Top */,
				A3EB95B0192412A00053E022 /* Race to the TopTests */,
			);
		};
/* End PBXProject section */

/* Begin PBXResourcesBuildPhase section */
		A3EB958E192412A00053E022 /* Resources */ = {
			isa = PBXResourcesBuildPhase;
			buildActionMask = 2147483647;
			files = (
				A32A787A192AAFD100C87635 /* mount-fuji-and-mount-hoei.jpg in Resources */,
				A3EB9610192425970053E022 /* Main.iPad.storyboard in Resources */,
				A3EB95AC192412A00053E022 /* Images.xcassets in Resources */,
				A3EB959E192412A00053E022 /* InfoPlist.strings in Resources */,
				A3EB95A7192412A00053E022 /* Main.iPhone.storyboard in Resources */,
			);
			runOnlyForDeploymentPostprocessing = 0;
		};
		A3EB95AF192412A00053E022 /* Resources */ = {
			isa = PBXResourcesBuildPhase;
			buildActionMask = 2147483647;
			files = (
				A3EB95BD192412A00053E022 /* InfoPlist.strings in Resources */,
			);
			runOnlyForDeploymentPostprocessing = 0;
		};
/* End PBXResourcesBuildPhase section */

/* Begin PBXSourcesBuildPhase section */
		A3EB958C192412A00053E022 /* Sources */ = {
			isa = PBXSourcesBuildPhase;
			buildActionMask = 2147483647;
			files = (
				A3EB95AA192412A00053E022 /* ViewController.m in Sources */,
				A3EB95CA192413480053E022 /* RTSpaceShipView.m in Sources */,
				A3EB95A4192412A00053E022 /* AppDelegate.m in Sources */,
				A32A7880192AB3AE00C87635 /* RTPathView.m in Sources */,
				A32A787D192AB13900C87635 /* RTMountinPath.m in Sources */,
				A3EB95A0192412A00053E022 /* main.m in Sources */,
			);
			runOnlyForDeploymentPostprocessing = 0;
		};
		A3EB95AD192412A00053E022 /* Sources */ = {
			isa = PBXSourcesBuildPhase;
			buildActionMask = 2147483647;
			files = (
				A3EB95BF192412A00053E022 /* Race_to_the_TopTests.m in Sources */,
			);
			runOnlyForDeploymentPostprocessing = 0;
		};
/* End PBXSourcesBuildPhase section */

/* Begin PBXTargetDependency section */
		A3EB95B7192412A00053E022 /* PBXTargetDependency */ = {
			isa = PBXTargetDependency;
			target = A3EB958F192412A00053E022 /* Race to the Top */;
			targetProxy = A3EB95B6192412A00053E022 /* PBXContainerItemProxy */;
		};
/* End PBXTargetDependency section */

/* Begin PBXVariantGroup section */
		A3EB959C192412A00053E022 /* InfoPlist.strings */ = {
			isa = PBXVariantGroup;
			children = (
				A3EB959D192412A00053E022 /* en */,
			);
			name = InfoPlist.strings;
			sourceTree = "<group>";
		};
		A3EB95A5192412A00053E022 /* Main.iPhone.storyboard */ = {
			isa = PBXVariantGroup;
			children = (
				A3EB95A6192412A00053E022 /* Base */,
			);
			name = Main.iPhone.storyboard;
			sourceTree = "<group>";
		};
		A3EB95BB192412A00053E022 /* InfoPlist.strings */ = {
			isa = PBXVariantGroup;
			children = (
				A3EB95BC192412A00053E022 /* en */,
			);
			name = InfoPlist.strings;
			sourceTree = "<group>";
		};
/* End PBXVariantGroup section */

/* Begin XCBuildConfiguration section */
		A3EB95C0192412A00053E022 /* Debug */ = {
			isa = XCBuildConfiguration;
			buildSettings = {
				ALWAYS_SEARCH_USER_PATHS = NO;
				CLANG_CXX_LANGUAGE_STANDARD = "gnu++0x";
				CLANG_CXX_LIBRARY = "libc++";
				CLANG_ENABLE_MODULES = YES;
				CLANG_ENABLE_OBJC_ARC = YES;
				CLANG_WARN_BOOL_CONVERSION = YES;
				CLANG_WARN_CONSTANT_CONVERSION = YES;
				CLANG_WARN_DIRECT_OBJC_ISA_USAGE = YES_ERROR;
				CLANG_WARN_EMPTY_BODY = YES;
				CLANG_WARN_ENUM_CONVERSION = YES;
				CLANG_WARN_INT_CONVERSION = YES;
				CLANG_WARN_OBJC_ROOT_CLASS = YES_ERROR;
				CLANG_WARN__DUPLICATE_METHOD_MATCH = YES;
				"CODE_SIGN_IDENTITY[sdk=iphoneos*]" = "iPhone Developer";
				COPY_PHASE_STRIP = NO;
				GCC_C_LANGUAGE_STANDARD = gnu99;
				GCC_DYNAMIC_NO_PIC = NO;
				GCC_OPTIMIZATION_LEVEL = 0;
				GCC_PREPROCESSOR_DEFINITIONS = (
					"DEBUG=1",
					"$(inherited)",
				);
				GCC_SYMBOLS_PRIVATE_EXTERN = NO;
				GCC_WARN_64_TO_32_BIT_CONVERSION = YES;
				GCC_WARN_ABOUT_RETURN_TYPE = YES_ERROR;
				GCC_WARN_UNDECLARED_SELECTOR = YES;
				GCC_WARN_UNINITIALIZED_AUTOS = YES_AGGRESSIVE;
				GCC_WARN_UNUSED_FUNCTION = YES;
				GCC_WARN_UNUSED_VARIABLE = YES;
				IPHONEOS_DEPLOYMENT_TARGET = 7.1;
				ONLY_ACTIVE_ARCH = YES;
				SDKROOT = iphoneos;
			};
			name = Debug;
		};
		A3EB95C1192412A00053E022 /* Release */ = {
			isa = XCBuildConfiguration;
			buildSettings = {
				ALWAYS_SEARCH_USER_PATHS = NO;
				CLANG_CXX_LANGUAGE_STANDARD = "gnu++0x";
				CLANG_CXX_LIBRARY = "libc++";
				CLANG_ENABLE_MODULES = YES;
				CLANG_ENABLE_OBJC_ARC = YES;
				CLANG_WARN_BOOL_CONVERSION = YES;
				CLANG_WARN_CONSTANT_CONVERSION = YES;
				CLANG_WARN_DIRECT_OBJC_ISA_USAGE = YES_ERROR;
				CLANG_WARN_EMPTY_BODY = YES;
				CLANG_WARN_ENUM_CONVERSION = YES;
				CLANG_WARN_INT_CONVERSION = YES;
				CLANG_WARN_OBJC_ROOT_CLASS = YES_ERROR;
				CLANG_WARN__DUPLICATE_METHOD_MATCH = YES;
				"CODE_SIGN_IDENTITY[sdk=iphoneos*]" = "iPhone Developer";
				COPY_PHASE_STRIP = YES;
				ENABLE_NS_ASSERTIONS = NO;
				GCC_C_LANGUAGE_STANDARD = gnu99;
				GCC_WARN_64_TO_32_BIT_CONVERSION = YES;
				GCC_WARN_ABOUT_RETURN_TYPE = YES_ERROR;
				GCC_WARN_UNDECLARED_SELECTOR = YES;
				GCC_WARN_UNINITIALIZED_AUTOS = YES_AGGRESSIVE;
				GCC_WARN_UNUSED_FUNCTION = YES;
				GCC_WARN_UNUSED_VARIABLE = YES;
				IPHONEOS_DEPLOYMENT_TARGET = 7.1;
				SDKROOT = iphoneos;
				VALIDATE_PRODUCT = YES;
			};
			name = Release;
		};
		A3EB95C3192412A00053E022 /* Debug */ = {
			isa = XCBuildConfiguration;
			buildSettings = {
				ASSETCATALOG_COMPILER_APPICON_NAME = AppIcon;
				ASSETCATALOG_COMPILER_LAUNCHIMAGE_NAME = LaunchImage;
				GCC_PRECOMPILE_PREFIX_HEADER = YES;
				GCC_PREFIX_HEADER = "Race to the Top/Race to the Top-Prefix.pch";
				INFOPLIST_FILE = "Race to the Top/Race to the Top-Info.plist";
				IPHONEOS_DEPLOYMENT_TARGET = 7.1;
				PRODUCT_NAME = "$(TARGET_NAME)";
				TARGETED_DEVICE_FAMILY = 2;
				WRAPPER_EXTENSION = app;
			};
			name = Debug;
		};
		A3EB95C4192412A00053E022 /* Release */ = {
			isa = XCBuildConfiguration;
			buildSettings = {
				ASSETCATALOG_COMPILER_APPICON_NAME = AppIcon;
				ASSETCATALOG_COMPILER_LAUNCHIMAGE_NAME = LaunchImage;
				GCC_PRECOMPILE_PREFIX_HEADER = YES;
				GCC_PREFIX_HEADER = "Race to the Top/Race to the Top-Prefix.pch";
				INFOPLIST_FILE = "Race to the Top/Race to the Top-Info.plist";
				IPHONEOS_DEPLOYMENT_TARGET = 7.1;
				PRODUCT_NAME = "$(TARGET_NAME)";
				TARGETED_DEVICE_FAMILY = 2;
				WRAPPER_EXTENSION = app;
			};
			name = Release;
		};
		A3EB95C6192412A00053E022 /* Debug */ = {
			isa = XCBuildConfiguration;
			buildSettings = {
				BUNDLE_LOADER = "$(BUILT_PRODUCTS_DIR)/Race to the Top.app/Race to the Top";
				FRAMEWORK_SEARCH_PATHS = (
					"$(SDKROOT)/Developer/Library/Frameworks",
					"$(inherited)",
					"$(DEVELOPER_FRAMEWORKS_DIR)",
				);
				GCC_PRECOMPILE_PREFIX_HEADER = YES;
				GCC_PREFIX_HEADER = "Race to the Top/Race to the Top-Prefix.pch";
				GCC_PREPROCESSOR_DEFINITIONS = (
					"DEBUG=1",
					"$(inherited)",
				);
				INFOPLIST_FILE = "Race to the TopTests/Race to the TopTests-Info.plist";
				PRODUCT_NAME = "$(TARGET_NAME)";
				TEST_HOST = "$(BUNDLE_LOADER)";
				WRAPPER_EXTENSION = xctest;
			};
			name = Debug;
		};
		A3EB95C7192412A00053E022 /* Release */ = {
			isa = XCBuildConfiguration;
			buildSettings = {
				BUNDLE_LOADER = "$(BUILT_PRODUCTS_DIR)/Race to the Top.app/Race to the Top";
				FRAMEWORK_SEARCH_PATHS = (
					"$(SDKROOT)/Developer/Library/Frameworks",
					"$(inherited)",
					"$(DEVELOPER_FRAMEWORKS_DIR)",
				);
				GCC_PRECOMPILE_PREFIX_HEADER = YES;
				GCC_PREFIX_HEADER = "Race to the Top/Race to the Top-Prefix.pch";
				INFOPLIST_FILE = "Race to the TopTests/Race to the TopTests-Info.plist";
				PRODUCT_NAME = "$(TARGET_NAME)";
				TEST_HOST = "$(BUNDLE_LOADER)";
				WRAPPER_EXTENSION = xctest;
			};
			name = Release;
		};
/* End XCBuildConfiguration section */

/* Begin XCConfigurationList section */
		A3EB958B192412A00053E022 /* Build configuration list for PBXProject "Race to the Top" */ = {
			isa = XCConfigurationList;
			buildConfigurations = (
				A3EB95C0192412A00053E022 /* Debug */,
				A3EB95C1192412A00053E022 /* Release */,
			);
			defaultConfigurationIsVisible = 0;
			defaultConfigurationName = Release;
		};
		A3EB95C2192412A00053E022 /* Build configuration list for PBXNativeTarget "Race to the Top" */ = {
			isa = XCConfigurationList;
			buildConfigurations = (
				A3EB95C3192412A00053E022 /* Debug */,
				A3EB95C4192412A00053E022 /* Release */,
			);
			defaultConfigurationIsVisible = 0;
			defaultConfigurationName = Release;
		};
		A3EB95C5192412A00053E022 /* Build configuration list for PBXNativeTarget "Race to the TopTests" */ = {
			isa = XCConfigurationList;
			buildConfigurations = (
				A3EB95C6192412A00053E022 /* Debug */,
				A3EB95C7192412A00053E022 /* Release */,
			);
			defaultConfigurationIsVisible = 0;
			defaultConfigurationName = Release;
		};
/* End XCConfigurationList section */
	};
	rootObject = A3EB9588192412A00053E022 /* Project object */;
}
